// !$*UTF8*$!
{
	archiveVersion = 1;
	classes = {
	};
	objectVersion = 50;
	objects = {

/* Begin PBXBuildFile section */
		5D27FC6220DA179500319020 /* WeatherRequest.swift in Sources */ = {isa = PBXBuildFile; fileRef = 5D27FC6120DA179500319020 /* WeatherRequest.swift */; };
		5D27FC6520DA19A600319020 /* Configuration.swift in Sources */ = {isa = PBXBuildFile; fileRef = 5D27FC6420DA19A600319020 /* Configuration.swift */; };
		5D38B25D20EC137700F4B0A2 /* RootViewModel.swift in Sources */ = {isa = PBXBuildFile; fileRef = 5D38B25C20EC137700F4B0A2 /* RootViewModel.swift */; };
		5DB4599420CF10BB0093D172 /* AppDelegate.swift in Sources */ = {isa = PBXBuildFile; fileRef = 5DB4599320CF10BB0093D172 /* AppDelegate.swift */; };
		5DB4599620CF10BC0093D172 /* RootViewController.swift in Sources */ = {isa = PBXBuildFile; fileRef = 5DB4599520CF10BC0093D172 /* RootViewController.swift */; };
		5DB4599920CF10BC0093D172 /* Main.storyboard in Resources */ = {isa = PBXBuildFile; fileRef = 5DB4599720CF10BC0093D172 /* Main.storyboard */; };
		5DB4599B20CF10BE0093D172 /* Assets.xcassets in Resources */ = {isa = PBXBuildFile; fileRef = 5DB4599A20CF10BE0093D172 /* Assets.xcassets */; };
		5DB4599E20CF10BE0093D172 /* LaunchScreen.storyboard in Resources */ = {isa = PBXBuildFile; fileRef = 5DB4599C20CF10BE0093D172 /* LaunchScreen.storyboard */; };
		5DB459AE20CF15C10093D172 /* DayViewController.swift in Sources */ = {isa = PBXBuildFile; fileRef = 5DB459AD20CF15C10093D172 /* DayViewController.swift */; };
		5DB459B120CF16A00093D172 /* WeekViewController.swift in Sources */ = {isa = PBXBuildFile; fileRef = 5DB459B020CF16A00093D172 /* WeekViewController.swift */; };
		5DB459B420CF1AE40093D172 /* UIViewController.swift in Sources */ = {isa = PBXBuildFile; fileRef = 5DB459B320CF1AE40093D172 /* UIViewController.swift */; };
		5DB459B620CF1B460093D172 /* UIStoryboard.swift in Sources */ = {isa = PBXBuildFile; fileRef = 5DB459B520CF1B460093D172 /* UIStoryboard.swift */; };
/* End PBXBuildFile section */

/* Begin PBXFileReference section */
		5D27FC6120DA179500319020 /* WeatherRequest.swift */ = {isa = PBXFileReference; lastKnownFileType = sourcecode.swift; path = WeatherRequest.swift; sourceTree = "<group>"; };
		5D27FC6420DA19A600319020 /* Configuration.swift */ = {isa = PBXFileReference; lastKnownFileType = sourcecode.swift; path = Configuration.swift; sourceTree = "<group>"; };
		5D38B25C20EC137700F4B0A2 /* RootViewModel.swift */ = {isa = PBXFileReference; lastKnownFileType = sourcecode.swift; path = RootViewModel.swift; sourceTree = "<group>"; };
		5DB4599020CF10BB0093D172 /* WeatherApp.app */ = {isa = PBXFileReference; explicitFileType = wrapper.application; includeInIndex = 0; path = WeatherApp.app; sourceTree = BUILT_PRODUCTS_DIR; };
		5DB4599320CF10BB0093D172 /* AppDelegate.swift */ = {isa = PBXFileReference; lastKnownFileType = sourcecode.swift; path = AppDelegate.swift; sourceTree = "<group>"; };
		5DB4599520CF10BC0093D172 /* RootViewController.swift */ = {isa = PBXFileReference; lastKnownFileType = sourcecode.swift; path = RootViewController.swift; sourceTree = "<group>"; };
		5DB4599820CF10BC0093D172 /* Base */ = {isa = PBXFileReference; lastKnownFileType = file.storyboard; name = Base; path = Base.lproj/Main.storyboard; sourceTree = "<group>"; };
		5DB4599A20CF10BE0093D172 /* Assets.xcassets */ = {isa = PBXFileReference; lastKnownFileType = folder.assetcatalog; path = Assets.xcassets; sourceTree = "<group>"; };
		5DB4599D20CF10BE0093D172 /* Base */ = {isa = PBXFileReference; lastKnownFileType = file.storyboard; name = Base; path = Base.lproj/LaunchScreen.storyboard; sourceTree = "<group>"; };
		5DB4599F20CF10BE0093D172 /* Info.plist */ = {isa = PBXFileReference; lastKnownFileType = text.plist.xml; path = Info.plist; sourceTree = "<group>"; };
		5DB459AD20CF15C10093D172 /* DayViewController.swift */ = {isa = PBXFileReference; lastKnownFileType = sourcecode.swift; path = DayViewController.swift; sourceTree = "<group>"; };
		5DB459B020CF16A00093D172 /* WeekViewController.swift */ = {isa = PBXFileReference; lastKnownFileType = sourcecode.swift; path = WeekViewController.swift; sourceTree = "<group>"; };
		5DB459B320CF1AE40093D172 /* UIViewController.swift */ = {isa = PBXFileReference; lastKnownFileType = sourcecode.swift; path = UIViewController.swift; sourceTree = "<group>"; };
		5DB459B520CF1B460093D172 /* UIStoryboard.swift */ = {isa = PBXFileReference; lastKnownFileType = sourcecode.swift; path = UIStoryboard.swift; sourceTree = "<group>"; };
/* End PBXFileReference section */

/* Begin PBXFrameworksBuildPhase section */
		5DB4598D20CF10BB0093D172 /* Frameworks */ = {
			isa = PBXFrameworksBuildPhase;
			buildActionMask = 2147483647;
			files = (
			);
			runOnlyForDeploymentPostprocessing = 0;
		};
/* End PBXFrameworksBuildPhase section */

/* Begin PBXGroup section */
		5D27FC6020DA176200319020 /* Models */ = {
			isa = PBXGroup;
			children = (
				5D27FC6120DA179500319020 /* WeatherRequest.swift */,
			);
			path = Models;
			sourceTree = "<group>";
		};
		5D27FC6320DA198D00319020 /* Configuration */ = {
			isa = PBXGroup;
			children = (
				5D27FC6420DA19A600319020 /* Configuration.swift */,
			);
			path = Configuration;
			sourceTree = "<group>";
		};
		5D38B25B20EC136500F4B0A2 /* ViewModels */ = {
			isa = PBXGroup;
			children = (
				5D38B25C20EC137700F4B0A2 /* RootViewModel.swift */,
			);
			path = ViewModels;
			sourceTree = "<group>";
		};
		5DB4598720CF10BB0093D172 = {
			isa = PBXGroup;
			children = (
				5DB4599220CF10BB0093D172 /* WeatherApp */,
				5DB4599120CF10BB0093D172 /* Products */,
			);
			sourceTree = "<group>";
		};
		5DB4599120CF10BB0093D172 /* Products */ = {
			isa = PBXGroup;
			children = (
				5DB4599020CF10BB0093D172 /* WeatherApp.app */,
			);
			name = Products;
			sourceTree = "<group>";
		};
		5DB4599220CF10BB0093D172 /* WeatherApp */ = {
			isa = PBXGroup;
			children = (
				5D27FC6320DA198D00319020 /* Configuration */,
				5DB459A520CF11090093D172 /* Application Delegate */,
				5DB459A620CF114C0093D172 /* View Controllers */,
				5DB459B220CF1AC80093D172 /* Extensions */,
				5DB459AA20CF14070093D172 /* Resources */,
				5DB459A920CF13EA0093D172 /* Supporting Files */,
				5DB459A820CF13D90093D172 /* Storyboards */,
				5D27FC6020DA176200319020 /* Models */,
			);
			path = WeatherApp;
			sourceTree = "<group>";
		};
		5DB459A520CF11090093D172 /* Application Delegate */ = {
			isa = PBXGroup;
			children = (
				5DB4599320CF10BB0093D172 /* AppDelegate.swift */,
			);
			path = "Application Delegate";
			sourceTree = "<group>";
		};
		5DB459A620CF114C0093D172 /* View Controllers */ = {
			isa = PBXGroup;
			children = (
				5DB459AB20CF157C0093D172 /* Weather View Controllers */,
				5DB459A720CF11810093D172 /* Root View Controller */,
			);
			path = "View Controllers";
			sourceTree = "<group>";
		};
		5DB459A720CF11810093D172 /* Root View Controller */ = {
			isa = PBXGroup;
			children = (
				5D38B25B20EC136500F4B0A2 /* ViewModels */,
				5DB4599520CF10BC0093D172 /* RootViewController.swift */,
			);
			path = "Root View Controller";
			sourceTree = "<group>";
		};
		5DB459A820CF13D90093D172 /* Storyboards */ = {
			isa = PBXGroup;
			children = (
				5DB4599720CF10BC0093D172 /* Main.storyboard */,
				5DB4599C20CF10BE0093D172 /* LaunchScreen.storyboard */,
			);
			path = Storyboards;
			sourceTree = "<group>";
		};
		5DB459A920CF13EA0093D172 /* Supporting Files */ = {
			isa = PBXGroup;
			children = (
				5DB4599F20CF10BE0093D172 /* Info.plist */,
			);
			path = "Supporting Files";
			sourceTree = "<group>";
		};
		5DB459AA20CF14070093D172 /* Resources */ = {
			isa = PBXGroup;
			children = (
				5DB4599A20CF10BE0093D172 /* Assets.xcassets */,
			);
			path = Resources;
			sourceTree = "<group>";
		};
		5DB459AB20CF157C0093D172 /* Weather View Controllers */ = {
			isa = PBXGroup;
			children = (
				5DB459AF20CF168F0093D172 /* Week View Controller */,
				5DB459AC20CF15960093D172 /* Day View Controller */,
			);
			path = "Weather View Controllers";
			sourceTree = "<group>";
		};
		5DB459AC20CF15960093D172 /* Day View Controller */ = {
			isa = PBXGroup;
			children = (
				5DB459AD20CF15C10093D172 /* DayViewController.swift */,
			);
			path = "Day View Controller";
			sourceTree = "<group>";
		};
		5DB459AF20CF168F0093D172 /* Week View Controller */ = {
			isa = PBXGroup;
			children = (
				5DB459B020CF16A00093D172 /* WeekViewController.swift */,
			);
			path = "Week View Controller";
			sourceTree = "<group>";
		};
		5DB459B220CF1AC80093D172 /* Extensions */ = {
			isa = PBXGroup;
			children = (
				5DB459B320CF1AE40093D172 /* UIViewController.swift */,
				5DB459B520CF1B460093D172 /* UIStoryboard.swift */,
			);
			path = Extensions;
			sourceTree = "<group>";
		};
/* End PBXGroup section */

/* Begin PBXNativeTarget section */
		5DB4598F20CF10BB0093D172 /* WeatherApp */ = {
			isa = PBXNativeTarget;
			buildConfigurationList = 5DB459A220CF10BE0093D172 /* Build configuration list for PBXNativeTarget "WeatherApp" */;
			buildPhases = (
				5DB4598C20CF10BB0093D172 /* Sources */,
				5DB4598D20CF10BB0093D172 /* Frameworks */,
				5DB4598E20CF10BB0093D172 /* Resources */,
			);
			buildRules = (
			);
			dependencies = (
			);
			name = WeatherApp;
			productName = WeatherApp;
			productReference = 5DB4599020CF10BB0093D172 /* WeatherApp.app */;
			productType = "com.apple.product-type.application";
		};
/* End PBXNativeTarget section */

/* Begin PBXProject section */
		5DB4598820CF10BB0093D172 /* Project object */ = {
			isa = PBXProject;
			attributes = {
				LastSwiftUpdateCheck = 0930;
				LastUpgradeCheck = 0930;
				ORGANIZATIONNAME = Prime17;
				TargetAttributes = {
					5DB4598F20CF10BB0093D172 = {
						CreatedOnToolsVersion = 9.3.1;
					};
				};
			};
			buildConfigurationList = 5DB4598B20CF10BB0093D172 /* Build configuration list for PBXProject "WeatherApp" */;
			compatibilityVersion = "Xcode 9.3";
			developmentRegion = en;
			hasScannedForEncodings = 0;
			knownRegions = (
				en,
				Base,
			);
			mainGroup = 5DB4598720CF10BB0093D172;
			productRefGroup = 5DB4599120CF10BB0093D172 /* Products */;
			projectDirPath = "";
			projectRoot = "";
			targets = (
				5DB4598F20CF10BB0093D172 /* WeatherApp */,
			);
		};
/* End PBXProject section */

/* Begin PBXResourcesBuildPhase section */
		5DB4598E20CF10BB0093D172 /* Resources */ = {
			isa = PBXResourcesBuildPhase;
			buildActionMask = 2147483647;
			files = (
				5DB4599E20CF10BE0093D172 /* LaunchScreen.storyboard in Resources */,
				5DB4599B20CF10BE0093D172 /* Assets.xcassets in Resources */,
				5DB4599920CF10BC0093D172 /* Main.storyboard in Resources */,
			);
			runOnlyForDeploymentPostprocessing = 0;
		};
/* End PBXResourcesBuildPhase section */

/* Begin PBXSourcesBuildPhase section */
		5DB4598C20CF10BB0093D172 /* Sources */ = {
			isa = PBXSourcesBuildPhase;
			buildActionMask = 2147483647;
			files = (
				5DB459B620CF1B460093D172 /* UIStoryboard.swift in Sources */,
				5DB4599620CF10BC0093D172 /* RootViewController.swift in Sources */,
				5DB4599420CF10BB0093D172 /* AppDelegate.swift in Sources */,
				5DB459B120CF16A00093D172 /* WeekViewController.swift in Sources */,
				5DB459AE20CF15C10093D172 /* DayViewController.swift in Sources */,
				5D27FC6220DA179500319020 /* WeatherRequest.swift in Sources */,
				5D27FC6520DA19A600319020 /* Configuration.swift in Sources */,
				5D38B25D20EC137700F4B0A2 /* RootViewModel.swift in Sources */,
				5DB459B420CF1AE40093D172 /* UIViewController.swift in Sources */,
			);
			runOnlyForDeploymentPostprocessing = 0;
		};
/* End PBXSourcesBuildPhase section */

/* Begin PBXVariantGroup section */
		5DB4599720CF10BC0093D172 /* Main.storyboard */ = {
			isa = PBXVariantGroup;
			children = (
				5DB4599820CF10BC0093D172 /* Base */,
			);
			name = Main.storyboard;
			sourceTree = "<group>";
		};
		5DB4599C20CF10BE0093D172 /* LaunchScreen.storyboard */ = {
			isa = PBXVariantGroup;
			children = (
				5DB4599D20CF10BE0093D172 /* Base */,
			);
			name = LaunchScreen.storyboard;
			sourceTree = "<group>";
		};
/* End PBXVariantGroup section */

/* Begin XCBuildConfiguration section */
		5DB459A020CF10BE0093D172 /* Debug */ = {
			isa = XCBuildConfiguration;
			buildSettings = {
				ALWAYS_SEARCH_USER_PATHS = NO;
				CLANG_ANALYZER_NONNULL = YES;
				CLANG_ANALYZER_NUMBER_OBJECT_CONVERSION = YES_AGGRESSIVE;
				CLANG_CXX_LANGUAGE_STANDARD = "gnu++14";
				CLANG_CXX_LIBRARY = "libc++";
				CLANG_ENABLE_MODULES = YES;
				CLANG_ENABLE_OBJC_ARC = YES;
				CLANG_ENABLE_OBJC_WEAK = YES;
				CLANG_WARN_BLOCK_CAPTURE_AUTORELEASING = YES;
				CLANG_WARN_BOOL_CONVERSION = YES;
				CLANG_WARN_COMMA = YES;
				CLANG_WARN_CONSTANT_CONVERSION = YES;
				CLANG_WARN_DEPRECATED_OBJC_IMPLEMENTATIONS = YES;
				CLANG_WARN_DIRECT_OBJC_ISA_USAGE = YES_ERROR;
				CLANG_WARN_DOCUMENTATION_COMMENTS = YES;
				CLANG_WARN_EMPTY_BODY = YES;
				CLANG_WARN_ENUM_CONVERSION = YES;
				CLANG_WARN_INFINITE_RECURSION = YES;
				CLANG_WARN_INT_CONVERSION = YES;
				CLANG_WARN_NON_LITERAL_NULL_CONVERSION = YES;
				CLANG_WARN_OBJC_IMPLICIT_RETAIN_SELF = YES;
				CLANG_WARN_OBJC_LITERAL_CONVERSION = YES;
				CLANG_WARN_OBJC_ROOT_CLASS = YES_ERROR;
				CLANG_WARN_RANGE_LOOP_ANALYSIS = YES;
				CLANG_WARN_STRICT_PROTOTYPES = YES;
				CLANG_WARN_SUSPICIOUS_MOVE = YES;
				CLANG_WARN_UNGUARDED_AVAILABILITY = YES_AGGRESSIVE;
				CLANG_WARN_UNREACHABLE_CODE = YES;
				CLANG_WARN__DUPLICATE_METHOD_MATCH = YES;
				CODE_SIGN_IDENTITY = "iPhone Developer";
				COPY_PHASE_STRIP = NO;
				DEBUG_INFORMATION_FORMAT = dwarf;
				ENABLE_STRICT_OBJC_MSGSEND = YES;
				ENABLE_TESTABILITY = YES;
				GCC_C_LANGUAGE_STANDARD = gnu11;
				GCC_DYNAMIC_NO_PIC = NO;
				GCC_NO_COMMON_BLOCKS = YES;
				GCC_OPTIMIZATION_LEVEL = 0;
				GCC_PREPROCESSOR_DEFINITIONS = (
					"DEBUG=1",
					"$(inherited)",
				);
				GCC_WARN_64_TO_32_BIT_CONVERSION = YES;
				GCC_WARN_ABOUT_RETURN_TYPE = YES_ERROR;
				GCC_WARN_UNDECLARED_SELECTOR = YES;
				GCC_WARN_UNINITIALIZED_AUTOS = YES_AGGRESSIVE;
				GCC_WARN_UNUSED_FUNCTION = YES;
				GCC_WARN_UNUSED_VARIABLE = YES;
				IPHONEOS_DEPLOYMENT_TARGET = 11.3;
				MTL_ENABLE_DEBUG_INFO = YES;
				ONLY_ACTIVE_ARCH = YES;
				SDKROOT = iphoneos;
				SWIFT_ACTIVE_COMPILATION_CONDITIONS = DEBUG;
				SWIFT_OPTIMIZATION_LEVEL = "-Onone";
			};
			name = Debug;
		};
		5DB459A120CF10BE0093D172 /* Release */ = {
			isa = XCBuildConfiguration;
			buildSettings = {
				ALWAYS_SEARCH_USER_PATHS = NO;
				CLANG_ANALYZER_NONNULL = YES;
				CLANG_ANALYZER_NUMBER_OBJECT_CONVERSION = YES_AGGRESSIVE;
				CLANG_CXX_LANGUAGE_STANDARD = "gnu++14";
				CLANG_CXX_LIBRARY = "libc++";
				CLANG_ENABLE_MODULES = YES;
				CLANG_ENABLE_OBJC_ARC = YES;
				CLANG_ENABLE_OBJC_WEAK = YES;
				CLANG_WARN_BLOCK_CAPTURE_AUTORELEASING = YES;
				CLANG_WARN_BOOL_CONVERSION = YES;
				CLANG_WARN_COMMA = YES;
				CLANG_WARN_CONSTANT_CONVERSION = YES;
				CLANG_WARN_DEPRECATED_OBJC_IMPLEMENTATIONS = YES;
				CLANG_WARN_DIRECT_OBJC_ISA_USAGE = YES_ERROR;
				CLANG_WARN_DOCUMENTATION_COMMENTS = YES;
				CLANG_WARN_EMPTY_BODY = YES;
				CLANG_WARN_ENUM_CONVERSION = YES;
				CLANG_WARN_INFINITE_RECURSION = YES;
				CLANG_WARN_INT_CONVERSION = YES;
				CLANG_WARN_NON_LITERAL_NULL_CONVERSION = YES;
				CLANG_WARN_OBJC_IMPLICIT_RETAIN_SELF = YES;
				CLANG_WARN_OBJC_LITERAL_CONVERSION = YES;
				CLANG_WARN_OBJC_ROOT_CLASS = YES_ERROR;
				CLANG_WARN_RANGE_LOOP_ANALYSIS = YES;
				CLANG_WARN_STRICT_PROTOTYPES = YES;
				CLANG_WARN_SUSPICIOUS_MOVE = YES;
				CLANG_WARN_UNGUARDED_AVAILABILITY = YES_AGGRESSIVE;
				CLANG_WARN_UNREACHABLE_CODE = YES;
				CLANG_WARN__DUPLICATE_METHOD_MATCH = YES;
				CODE_SIGN_IDENTITY = "iPhone Developer";
				COPY_PHASE_STRIP = NO;
				DEBUG_INFORMATION_FORMAT = "dwarf-with-dsym";
				ENABLE_NS_ASSERTIONS = NO;
				ENABLE_STRICT_OBJC_MSGSEND = YES;
				GCC_C_LANGUAGE_STANDARD = gnu11;
				GCC_NO_COMMON_BLOCKS = YES;
				GCC_WARN_64_TO_32_BIT_CONVERSION = YES;
				GCC_WARN_ABOUT_RETURN_TYPE = YES_ERROR;
				GCC_WARN_UNDECLARED_SELECTOR = YES;
				GCC_WARN_UNINITIALIZED_AUTOS = YES_AGGRESSIVE;
				GCC_WARN_UNUSED_FUNCTION = YES;
				GCC_WARN_UNUSED_VARIABLE = YES;
				IPHONEOS_DEPLOYMENT_TARGET = 11.3;
				MTL_ENABLE_DEBUG_INFO = NO;
				SDKROOT = iphoneos;
				SWIFT_COMPILATION_MODE = wholemodule;
				SWIFT_OPTIMIZATION_LEVEL = "-O";
				VALIDATE_PRODUCT = YES;
			};
			name = Release;
		};
		5DB459A320CF10BE0093D172 /* Debug */ = {
			isa = XCBuildConfiguration;
			buildSettings = {
				ASSETCATALOG_COMPILER_APPICON_NAME = AppIcon;
				CODE_SIGN_STYLE = Automatic;
				DEVELOPMENT_TEAM = 5Y44Y2GF76;
				INFOPLIST_FILE = "$(SRCROOT)/WeatherApp/Supporting Files/Info.plist";
				LD_RUNPATH_SEARCH_PATHS = (
					"$(inherited)",
					"@executable_path/Frameworks",
				);
				PRODUCT_BUNDLE_IDENTIFIER = com.prime17.WeatherApp;
				PRODUCT_NAME = "$(TARGET_NAME)";
				SWIFT_VERSION = 4.0;
				TARGETED_DEVICE_FAMILY = "1,2";
			};
			name = Debug;
		};
		5DB459A420CF10BE0093D172 /* Release */ = {
			isa = XCBuildConfiguration;
			buildSettings = {
				ASSETCATALOG_COMPILER_APPICON_NAME = AppIcon;
				CODE_SIGN_STYLE = Automatic;
				DEVELOPMENT_TEAM = 5Y44Y2GF76;
				INFOPLIST_FILE = "$(SRCROOT)/WeatherApp/Supporting Files/Info.plist";
				LD_RUNPATH_SEARCH_PATHS = (
					"$(inherited)",
					"@executable_path/Frameworks",
				);
				PRODUCT_BUNDLE_IDENTIFIER = com.prime17.WeatherApp;
				PRODUCT_NAME = "$(TARGET_NAME)";
				SWIFT_VERSION = 4.0;
				TARGETED_DEVICE_FAMILY = "1,2";
			};
			name = Release;
		};
/* End XCBuildConfiguration section */

/* Begin XCConfigurationList section */
		5DB4598B20CF10BB0093D172 /* Build configuration list for PBXProject "WeatherApp" */ = {
			isa = XCConfigurationList;
			buildConfigurations = (
				5DB459A020CF10BE0093D172 /* Debug */,
				5DB459A120CF10BE0093D172 /* Release */,
			);
			defaultConfigurationIsVisible = 0;
			defaultConfigurationName = Release;
		};
		5DB459A220CF10BE0093D172 /* Build configuration list for PBXNativeTarget "WeatherApp" */ = {
			isa = XCConfigurationList;
			buildConfigurations = (
				5DB459A320CF10BE0093D172 /* Debug */,
				5DB459A420CF10BE0093D172 /* Release */,
			);
			defaultConfigurationIsVisible = 0;
			defaultConfigurationName = Release;
		};
/* End XCConfigurationList section */
	};
	rootObject = 5DB4598820CF10BB0093D172 /* Project object */;
}
